// !$*UTF8*$!
{
	archiveVersion = 1;
	classes = {
	};
	objectVersion = 46;
	objects = {

/* Begin PBXBuildFile section */
		257C872A19B62C570069D828 /* AppDelegate.swift in Sources */ = {isa = PBXBuildFile; fileRef = 257C872919B62C570069D828 /* AppDelegate.swift */; };
		257C872C19B62C570069D828 /* ViewController.swift in Sources */ = {isa = PBXBuildFile; fileRef = 257C872B19B62C570069D828 /* ViewController.swift */; };
		257C872F19B62C570069D828 /* Main.storyboard in Resources */ = {isa = PBXBuildFile; fileRef = 257C872D19B62C570069D828 /* Main.storyboard */; };
		257C873119B62C570069D828 /* Images.xcassets in Resources */ = {isa = PBXBuildFile; fileRef = 257C873019B62C570069D828 /* Images.xcassets */; };
		257C873D19B62C570069D828 /* GroupGithubTestingTests.swift in Sources */ = {isa = PBXBuildFile; fileRef = 257C873C19B62C570069D828 /* GroupGithubTestingTests.swift */; };
/* End PBXBuildFile section */

/* Begin PBXContainerItemProxy section */
		257C873719B62C570069D828 /* PBXContainerItemProxy */ = {
			isa = PBXContainerItemProxy;
			containerPortal = 257C871C19B62C570069D828 /* Project object */;
			proxyType = 1;
			remoteGlobalIDString = 257C872319B62C570069D828;
			remoteInfo = GroupGithubTesting;
		};
/* End PBXContainerItemProxy section */

/* Begin PBXFileReference section */
		257C872419B62C570069D828 /* GroupGithubTesting.app */ = {isa = PBXFileReference; explicitFileType = wrapper.application; includeInIndex = 0; path = GroupGithubTesting.app; sourceTree = BUILT_PRODUCTS_DIR; };
		257C872819B62C570069D828 /* Info.plist */ = {isa = PBXFileReference; lastKnownFileType = text.plist.xml; path = Info.plist; sourceTree = "<group>"; };
		257C872919B62C570069D828 /* AppDelegate.swift */ = {isa = PBXFileReference; lastKnownFileType = sourcecode.swift; path = AppDelegate.swift; sourceTree = "<group>"; };
		257C872B19B62C570069D828 /* ViewController.swift */ = {isa = PBXFileReference; lastKnownFileType = sourcecode.swift; path = ViewController.swift; sourceTree = "<group>"; };
		257C872E19B62C570069D828 /* Base */ = {isa = PBXFileReference; lastKnownFileType = file.storyboard; name = Base; path = Base.lproj/Main.storyboard; sourceTree = "<group>"; };
		257C873019B62C570069D828 /* Images.xcassets */ = {isa = PBXFileReference; lastKnownFileType = folder.assetcatalog; path = Images.xcassets; sourceTree = "<group>"; };
		257C873619B62C570069D828 /* GroupGithubTestingTests.xctest */ = {isa = PBXFileReference; explicitFileType = wrapper.cfbundle; includeInIndex = 0; path = GroupGithubTestingTests.xctest; sourceTree = BUILT_PRODUCTS_DIR; };
		257C873B19B62C570069D828 /* Info.plist */ = {isa = PBXFileReference; lastKnownFileType = text.plist.xml; path = Info.plist; sourceTree = "<group>"; };
		257C873C19B62C570069D828 /* GroupGithubTestingTests.swift */ = {isa = PBXFileReference; lastKnownFileType = sourcecode.swift; path = GroupGithubTestingTests.swift; sourceTree = "<group>"; };
/* End PBXFileReference section */

/* Begin PBXFrameworksBuildPhase section */
		257C872119B62C570069D828 /* Frameworks */ = {
			isa = PBXFrameworksBuildPhase;
			buildActionMask = 2147483647;
			files = (
			);
			runOnlyForDeploymentPostprocessing = 0;
		};
		257C873319B62C570069D828 /* Frameworks */ = {
			isa = PBXFrameworksBuildPhase;
			buildActionMask = 2147483647;
			files = (
			);
			runOnlyForDeploymentPostprocessing = 0;
		};
/* End PBXFrameworksBuildPhase section */

/* Begin PBXGroup section */
		257C871B19B62C570069D828 = {
			isa = PBXGroup;
			children = (
				257C872619B62C570069D828 /* GroupGithubTesting */,
				257C873919B62C570069D828 /* GroupGithubTestingTests */,
				257C872519B62C570069D828 /* Products */,
			);
			sourceTree = "<group>";
		};
		257C872519B62C570069D828 /* Products */ = {
			isa = PBXGroup;
			children = (
				257C872419B62C570069D828 /* GroupGithubTesting.app */,
				257C873619B62C570069D828 /* GroupGithubTestingTests.xctest */,
			);
			name = Products;
			sourceTree = "<group>";
		};
		257C872619B62C570069D828 /* GroupGithubTesting */ = {
			isa = PBXGroup;
			children = (
				257C872919B62C570069D828 /* AppDelegate.swift */,
				257C872B19B62C570069D828 /* ViewController.swift */,
				257C872D19B62C570069D828 /* Main.storyboard */,
				257C873019B62C570069D828 /* Images.xcassets */,
				257C872719B62C570069D828 /* Supporting Files */,
			);
			path = GroupGithubTesting;
			sourceTree = "<group>";
		};
		257C872719B62C570069D828 /* Supporting Files */ = {
			isa = PBXGroup;
			children = (
				257C872819B62C570069D828 /* Info.plist */,
			);
			name = "Supporting Files";
			sourceTree = "<group>";
		};
		257C873919B62C570069D828 /* GroupGithubTestingTests */ = {
			isa = PBXGroup;
			children = (
				257C873C19B62C570069D828 /* GroupGithubTestingTests.swift */,
				257C873A19B62C570069D828 /* Supporting Files */,
			);
			path = GroupGithubTestingTests;
			sourceTree = "<group>";
		};
		257C873A19B62C570069D828 /* Supporting Files */ = {
			isa = PBXGroup;
			children = (
				257C873B19B62C570069D828 /* Info.plist */,
			);
			name = "Supporting Files";
			sourceTree = "<group>";
		};
/* End PBXGroup section */

/* Begin PBXNativeTarget section */
		257C872319B62C570069D828 /* GroupGithubTesting */ = {
			isa = PBXNativeTarget;
			buildConfigurationList = 257C874019B62C570069D828 /* Build configuration list for PBXNativeTarget "GroupGithubTesting" */;
			buildPhases = (
				257C872019B62C570069D828 /* Sources */,
				257C872119B62C570069D828 /* Frameworks */,
				257C872219B62C570069D828 /* Resources */,
			);
			buildRules = (
			);
			dependencies = (
			);
			name = GroupGithubTesting;
			productName = GroupGithubTesting;
			productReference = 257C872419B62C570069D828 /* GroupGithubTesting.app */;
			productType = "com.apple.product-type.application";
		};
		257C873519B62C570069D828 /* GroupGithubTestingTests */ = {
			isa = PBXNativeTarget;
			buildConfigurationList = 257C874319B62C570069D828 /* Build configuration list for PBXNativeTarget "GroupGithubTestingTests" */;
			buildPhases = (
				257C873219B62C570069D828 /* Sources */,
				257C873319B62C570069D828 /* Frameworks */,
				257C873419B62C570069D828 /* Resources */,
			);
			buildRules = (
			);
			dependencies = (
				257C873819B62C570069D828 /* PBXTargetDependency */,
			);
			name = GroupGithubTestingTests;
			productName = GroupGithubTestingTests;
			productReference = 257C873619B62C570069D828 /* GroupGithubTestingTests.xctest */;
			productType = "com.apple.product-type.bundle.unit-test";
		};
/* End PBXNativeTarget section */

/* Begin PBXProject section */
		257C871C19B62C570069D828 /* Project object */ = {
			isa = PBXProject;
			attributes = {
				LastUpgradeCheck = 0600;
				ORGANIZATIONNAME = "Jeff Gayle";
				TargetAttributes = {
					257C872319B62C570069D828 = {
						CreatedOnToolsVersion = 6.0;
					};
					257C873519B62C570069D828 = {
						CreatedOnToolsVersion = 6.0;
						TestTargetID = 257C872319B62C570069D828;
					};
				};
			};
			buildConfigurationList = 257C871F19B62C570069D828 /* Build configuration list for PBXProject "GroupGithubTesting" */;
			compatibilityVersion = "Xcode 3.2";
			developmentRegion = English;
			hasScannedForEncodings = 0;
			knownRegions = (
				en,
				Base,
			);
			mainGroup = 257C871B19B62C570069D828;
			productRefGroup = 257C872519B62C570069D828 /* Products */;
			projectDirPath = "";
			projectRoot = "";
			targets = (
				257C872319B62C570069D828 /* GroupGithubTesting */,
				257C873519B62C570069D828 /* GroupGithubTestingTests */,
			);
		};
/* End PBXProject section */

/* Begin PBXResourcesBuildPhase section */
		257C872219B62C570069D828 /* Resources */ = {
			isa = PBXResourcesBuildPhase;
			buildActionMask = 2147483647;
			files = (
				257C872F19B62C570069D828 /* Main.storyboard in Resources */,
				257C873119B62C570069D828 /* Images.xcassets in Resources */,
			);
			runOnlyForDeploymentPostprocessing = 0;
		};
		257C873419B62C570069D828 /* Resources */ = {
			isa = PBXResourcesBuildPhase;
			buildActionMask = 2147483647;
			files = (
			);
			runOnlyForDeploymentPostprocessing = 0;
		};
/* End PBXResourcesBuildPhase section */

/* Begin PBXSourcesBuildPhase section */
		257C872019B62C570069D828 /* Sources */ = {
			isa = PBXSourcesBuildPhase;
			buildActionMask = 2147483647;
			files = (
				257C872C19B62C570069D828 /* ViewController.swift in Sources */,
				257C872A19B62C570069D828 /* AppDelegate.swift in Sources */,
			);
			runOnlyForDeploymentPostprocessing = 0;
		};
		257C873219B62C570069D828 /* Sources */ = {
			isa = PBXSourcesBuildPhase;
			buildActionMask = 2147483647;
			files = (
				257C873D19B62C570069D828 /* GroupGithubTestingTests.swift in Sources */,
			);
			runOnlyForDeploymentPostprocessing = 0;
		};
/* End PBXSourcesBuildPhase section */

/* Begin PBXTargetDependency section */
		257C873819B62C570069D828 /* PBXTargetDependency */ = {
			isa = PBXTargetDependency;
			target = 257C872319B62C570069D828 /* GroupGithubTesting */;
			targetProxy = 257C873719B62C570069D828 /* PBXContainerItemProxy */;
		};
/* End PBXTargetDependency section */

/* Begin PBXVariantGroup section */
		257C872D19B62C570069D828 /* Main.storyboard */ = {
			isa = PBXVariantGroup;
			children = (
				257C872E19B62C570069D828 /* Base */,
			);
			name = Main.storyboard;
			sourceTree = "<group>";
		};
/* End PBXVariantGroup section */

/* Begin XCBuildConfiguration section */
		257C873E19B62C570069D828 /* Debug */ = {
			isa = XCBuildConfiguration;
			buildSettings = {
				ALWAYS_SEARCH_USER_PATHS = NO;
				CLANG_CXX_LANGUAGE_STANDARD = "gnu++0x";
				CLANG_CXX_LIBRARY = "libc++";
				CLANG_ENABLE_MODULES = YES;
				CLANG_ENABLE_OBJC_ARC = YES;
				CLANG_WARN_BOOL_CONVERSION = YES;
				CLANG_WARN_CONSTANT_CONVERSION = YES;
				CLANG_WARN_DIRECT_OBJC_ISA_USAGE = YES_ERROR;
				CLANG_WARN_EMPTY_BODY = YES;
				CLANG_WARN_ENUM_CONVERSION = YES;
				CLANG_WARN_INT_CONVERSION = YES;
				CLANG_WARN_OBJC_ROOT_CLASS = YES_ERROR;
				CLANG_WARN_UNREACHABLE_CODE = YES;
				CLANG_WARN__DUPLICATE_METHOD_MATCH = YES;
				"CODE_SIGN_IDENTITY[sdk=iphoneos*]" = "iPhone Developer";
				COPY_PHASE_STRIP = NO;
				ENABLE_STRICT_OBJC_MSGSEND = YES;
				GCC_C_LANGUAGE_STANDARD = gnu99;
				GCC_DYNAMIC_NO_PIC = NO;
				GCC_OPTIMIZATION_LEVEL = 0;
				GCC_PREPROCESSOR_DEFINITIONS = (
					"DEBUG=1",
					"$(inherited)",
				);
				GCC_SYMBOLS_PRIVATE_EXTERN = NO;
				GCC_WARN_64_TO_32_BIT_CONVERSION = YES;
				GCC_WARN_ABOUT_RETURN_TYPE = YES_ERROR;
				GCC_WARN_UNDECLARED_SELECTOR = YES;
				GCC_WARN_UNINITIALIZED_AUTOS = YES_AGGRESSIVE;
				GCC_WARN_UNUSED_FUNCTION = YES;
				GCC_WARN_UNUSED_VARIABLE = YES;
				IPHONEOS_DEPLOYMENT_TARGET = 8.0;
				MTL_ENABLE_DEBUG_INFO = YES;
				ONLY_ACTIVE_ARCH = YES;
				SDKROOT = iphoneos;
				SWIFT_OPTIMIZATION_LEVEL = "-Onone";
				TARGETED_DEVICE_FAMILY = "1,2";
			};
			name = Debug;
		};
		257C873F19B62C570069D828 /* Release */ = {
			isa = XCBuildConfiguration;
			buildSettings = {
				ALWAYS_SEARCH_USER_PATHS = NO;
				CLANG_CXX_LANGUAGE_STANDARD = "gnu++0x";
				CLANG_CXX_LIBRARY = "libc++";
				CLANG_ENABLE_MODULES = YES;
				CLANG_ENABLE_OBJC_ARC = YES;
				CLANG_WARN_BOOL_CONVERSION = YES;
				CLANG_WARN_CONSTANT_CONVERSION = YES;
				CLANG_WARN_DIRECT_OBJC_ISA_USAGE = YES_ERROR;
				CLANG_WARN_EMPTY_BODY = YES;
				CLANG_WARN_ENUM_CONVERSION = YES;
				CLANG_WARN_INT_CONVERSION = YES;
				CLANG_WARN_OBJC_ROOT_CLASS = YES_ERROR;
				CLANG_WARN_UNREACHABLE_CODE = YES;
				CLANG_WARN__DUPLICATE_METHOD_MATCH = YES;
				"CODE_SIGN_IDENTITY[sdk=iphoneos*]" = "iPhone Developer";
				COPY_PHASE_STRIP = YES;
				ENABLE_NS_ASSERTIONS = NO;
				ENABLE_STRICT_OBJC_MSGSEND = YES;
				GCC_C_LANGUAGE_STANDARD = gnu99;
				GCC_WARN_64_TO_32_BIT_CONVERSION = YES;
				GCC_WARN_ABOUT_RETURN_TYPE = YES_ERROR;
				GCC_WARN_UNDECLARED_SELECTOR = YES;
				GCC_WARN_UNINITIALIZED_AUTOS = YES_AGGRESSIVE;
				GCC_WARN_UNUSED_FUNCTION = YES;
				GCC_WARN_UNUSED_VARIABLE = YES;
				IPHONEOS_DEPLOYMENT_TARGET = 8.0;
				MTL_ENABLE_DEBUG_INFO = NO;
				SDKROOT = iphoneos;
				TARGETED_DEVICE_FAMILY = "1,2";
				VALIDATE_PRODUCT = YES;
			};
			name = Release;
		};
		257C874119B62C570069D828 /* Debug */ = {
			isa = XCBuildConfiguration;
			buildSettings = {
				ASSETCATALOG_COMPILER_APPICON_NAME = AppIcon;
				ASSETCATALOG_COMPILER_LAUNCHIMAGE_NAME = LaunchImage;
				INFOPLIST_FILE = GroupGithubTesting/Info.plist;
				LD_RUNPATH_SEARCH_PATHS = "$(inherited) @executable_path/Frameworks";
				PRODUCT_NAME = "$(TARGET_NAME)";
			};
			name = Debug;
		};
		257C874219B62C570069D828 /* Release */ = {
			isa = XCBuildConfiguration;
			buildSettings = {
				ASSETCATALOG_COMPILER_APPICON_NAME = AppIcon;
				ASSETCATALOG_COMPILER_LAUNCHIMAGE_NAME = LaunchImage;
				INFOPLIST_FILE = GroupGithubTesting/Info.plist;
				LD_RUNPATH_SEARCH_PATHS = "$(inherited) @executable_path/Frameworks";
				PRODUCT_NAME = "$(TARGET_NAME)";
			};
			name = Release;
		};
		257C874419B62C570069D828 /* Debug */ = {
			isa = XCBuildConfiguration;
			buildSettings = {
				BUNDLE_LOADER = "$(TEST_HOST)";
				FRAMEWORK_SEARCH_PATHS = (
					"$(SDKROOT)/Developer/Library/Frameworks",
					"$(inherited)",
				);
				GCC_PREPROCESSOR_DEFINITIONS = (
					"DEBUG=1",
					"$(inherited)",
				);
				INFOPLIST_FILE = GroupGithubTestingTests/Info.plist;
				LD_RUNPATH_SEARCH_PATHS = "$(inherited) @executable_path/Frameworks @loader_path/Frameworks";
				PRODUCT_NAME = "$(TARGET_NAME)";
				TEST_HOST = "$(BUILT_PRODUCTS_DIR)/GroupGithubTesting.app/GroupGithubTesting";
			};
			name = Debug;
		};
		257C874519B62C570069D828 /* Release */ = {
			isa = XCBuildConfiguration;
			buildSettings = {
				BUNDLE_LOADER = "$(TEST_HOST)";
				FRAMEWORK_SEARCH_PATHS = (
					"$(SDKROOT)/Developer/Library/Frameworks",
					"$(inherited)",
				);
				INFOPLIST_FILE = GroupGithubTestingTests/Info.plist;
				LD_RUNPATH_SEARCH_PATHS = "$(inherited) @executable_path/Frameworks @loader_path/Frameworks";
				PRODUCT_NAME = "$(TARGET_NAME)";
				TEST_HOST = "$(BUILT_PRODUCTS_DIR)/GroupGithubTesting.app/GroupGithubTesting";
			};
			name = Release;
		};
/* End XCBuildConfiguration section */

/* Begin XCConfigurationList section */
		257C871F19B62C570069D828 /* Build configuration list for PBXProject "GroupGithubTesting" */ = {
			isa = XCConfigurationList;
			buildConfigurations = (
				257C873E19B62C570069D828 /* Debug */,
				257C873F19B62C570069D828 /* Release */,
			);
			defaultConfigurationIsVisible = 0;
			defaultConfigurationName = Release;
		};
		257C874019B62C570069D828 /* Build configuration list for PBXNativeTarget "GroupGithubTesting" */ = {
			isa = XCConfigurationList;
			buildConfigurations = (
				257C874119B62C570069D828 /* Debug */,
				257C874219B62C570069D828 /* Release */,
			);
			defaultConfigurationIsVisible = 0;
		};
		257C874319B62C570069D828 /* Build configuration list for PBXNativeTarget "GroupGithubTestingTests" */ = {
			isa = XCConfigurationList;
			buildConfigurations = (
				257C874419B62C570069D828 /* Debug */,
				257C874519B62C570069D828 /* Release */,
			);
			defaultConfigurationIsVisible = 0;
		};
/* End XCConfigurationList section */
	};
	rootObject = 257C871C19B62C570069D828 /* Project object */;
}
